Microsoft Visual Studio Solution File, Format Version 12.00
Project("{FAE04EC0-301F-11D3-BF4B-00C04F79EFBC}") = "LeetCodeConsoleApp-1550", "Lessons\1550\LeetCodeConsoleApp-1550\LeetCodeConsoleApp-1550.csproj", "{9B2EBED7-F7EF-4D94-8094-A1DF75320378}"
EndProject
Project("{FAE04EC0-301F-11D3-BF4B-00C04F79EFBC}") = "TestProjectThreeConsecutiveOdds-1550", "Lessons\1550\TestProjectThreeConsecutiveOdds-1550\TestProjectThreeConsecutiveOdds-1550.csproj", "{1C24A5A4-2F91-40FB-8083-8E930F84F6DF}"
EndProject
Project("{2150E333-8FDC-42A3-9474-1A3956D46DE8}") = "Lessons", "Lessons", "{83EBAE0F-B626-46B7-A102-34ED8B77E385}"
EndProject
Project("{2150E333-8FDC-42A3-9474-1A3956D46DE8}") = "Lesson-1550", "Lesson-1550", "{A9114FAB-1A7A-4C6B-A2E2-7AFF335CCEA3}"
EndProject
Project("{2150E333-8FDC-42A3-9474-1A3956D46DE8}") = "Lesson-1", "Lesson-1", "{44C5BA4B-FFD3-47D8-9891-871AB7D0AEBC}"
EndProject
Project("{FAE04EC0-301F-11D3-BF4B-00C04F79EFBC}") = "LeetCodeConsoleApp-1", "Lessons\1\LeetCodeConsoleApp-1\LeetCodeConsoleApp-1.csproj", "{88ECE7B6-A36F-4E5F-B049-11162CB21E43}"
EndProject
Project("{FAE04EC0-301F-11D3-BF4B-00C04F79EFBC}") = "TestProjectTwoSum-1", "Lessons\1\TestProjectTwoSum-1\TestProjectTwoSum-1.csproj", "{375281E9-9C46-45BD-9E89-3FBB4731EDBD}"
EndProject
Project("{FAE04EC0-301F-11D3-BF4B-00C04F79EFBC}") = "LeetCodeConsoleApp-2", "Lessons\2\LeetCodeConsoleApp-2\LeetCodeConsoleApp-2.csproj", "{80ECF17F-B3A9-4273-871D-9AE60C7B15EA}"
EndProject
Project("{FAE04EC0-301F-11D3-BF4B-00C04F79EFBC}") = "TestProjectAddTwoNumbers", "Lessons\2\TestProjectAddTwoNumbers\TestProjectAddTwoNumbers.csproj", "{AA7879D5-39F5-4A2C-933E-1A79D4EC79DF}"
EndProject
Project("{2150E333-8FDC-42A3-9474-1A3956D46DE8}") = "Lesson-3", "Lesson-3", "{C95488AB-976D-42ED-ADBC-A96225E1366F}"
EndProject
Project("{FAE04EC0-301F-11D3-BF4B-00C04F79EFBC}") = "LeetCodeConsoleApp-3", "Lessons\3\LeetCodeConsoleApp-3\LeetCodeConsoleApp-3.csproj", "{949A740A-A38D-472E-9110-A32CE686B1DF}"
EndProject
Project("{FAE04EC0-301F-11D3-BF4B-00C04F79EFBC}") = "TestProjectFindMedianSortedArrays-3", "Lessons\3\TestProjectFindMedianSortedArrays-3\TestProjectFindMedianSortedArrays-3.csproj", "{5CEC8E2A-A45C-492F-97A5-ADC2469CABC4}"
EndProject
Global
	GlobalSection(SolutionConfigurationPlatforms) = preSolution
		Debug|Any CPU = Debug|Any CPU
		Release|Any CPU = Release|Any CPU
	EndGlobalSection
	GlobalSection(ProjectConfigurationPlatforms) = postSolution
		{9B2EBED7-F7EF-4D94-8094-A1DF75320378}.Debug|Any CPU.ActiveCfg = Debug|Any CPU
		{9B2EBED7-F7EF-4D94-8094-A1DF75320378}.Debug|Any CPU.Build.0 = Debug|Any CPU
		{9B2EBED7-F7EF-4D94-8094-A1DF75320378}.Release|Any CPU.ActiveCfg = Release|Any CPU
		{9B2EBED7-F7EF-4D94-8094-A1DF75320378}.Release|Any CPU.Build.0 = Release|Any CPU
		{1C24A5A4-2F91-40FB-8083-8E930F84F6DF}.Debug|Any CPU.ActiveCfg = Debug|Any CPU
		{1C24A5A4-2F91-40FB-8083-8E930F84F6DF}.Debug|Any CPU.Build.0 = Debug|Any CPU
		{1C24A5A4-2F91-40FB-8083-8E930F84F6DF}.Release|Any CPU.ActiveCfg = Release|Any CPU
		{1C24A5A4-2F91-40FB-8083-8E930F84F6DF}.Release|Any CPU.Build.0 = Release|Any CPU
		{88ECE7B6-A36F-4E5F-B049-11162CB21E43}.Debug|Any CPU.ActiveCfg = Debug|Any CPU
		{88ECE7B6-A36F-4E5F-B049-11162CB21E43}.Debug|Any CPU.Build.0 = Debug|Any CPU
		{88ECE7B6-A36F-4E5F-B049-11162CB21E43}.Release|Any CPU.ActiveCfg = Release|Any CPU
		{88ECE7B6-A36F-4E5F-B049-11162CB21E43}.Release|Any CPU.Build.0 = Release|Any CPU
		{375281E9-9C46-45BD-9E89-3FBB4731EDBD}.Debug|Any CPU.ActiveCfg = Debug|Any CPU
		{375281E9-9C46-45BD-9E89-3FBB4731EDBD}.Debug|Any CPU.Build.0 = Debug|Any CPU
		{375281E9-9C46-45BD-9E89-3FBB4731EDBD}.Release|Any CPU.ActiveCfg = Release|Any CPU
		{375281E9-9C46-45BD-9E89-3FBB4731EDBD}.Release|Any CPU.Build.0 = Release|Any CPU
		{80ECF17F-B3A9-4273-871D-9AE60C7B15EA}.Debug|Any CPU.ActiveCfg = Debug|Any CPU
		{80ECF17F-B3A9-4273-871D-9AE60C7B15EA}.Debug|Any CPU.Build.0 = Debug|Any CPU
		{80ECF17F-B3A9-4273-871D-9AE60C7B15EA}.Release|Any CPU.ActiveCfg = Release|Any CPU
		{80ECF17F-B3A9-4273-871D-9AE60C7B15EA}.Release|Any CPU.Build.0 = Release|Any CPU
		{AA7879D5-39F5-4A2C-933E-1A79D4EC79DF}.Debug|Any CPU.ActiveCfg = Debug|Any CPU
		{AA7879D5-39F5-4A2C-933E-1A79D4EC79DF}.Debug|Any CPU.Build.0 = Debug|Any CPU
		{AA7879D5-39F5-4A2C-933E-1A79D4EC79DF}.Release|Any CPU.ActiveCfg = Release|Any CPU
		{AA7879D5-39F5-4A2C-933E-1A79D4EC79DF}.Release|Any CPU.Build.0 = Release|Any CPU
		{949A740A-A38D-472E-9110-A32CE686B1DF}.Debug|Any CPU.ActiveCfg = Debug|Any CPU
		{949A740A-A38D-472E-9110-A32CE686B1DF}.Debug|Any CPU.Build.0 = Debug|Any CPU
		{949A740A-A38D-472E-9110-A32CE686B1DF}.Release|Any CPU.ActiveCfg = Release|Any CPU
		{949A740A-A38D-472E-9110-A32CE686B1DF}.Release|Any CPU.Build.0 = Release|Any CPU
		{5CEC8E2A-A45C-492F-97A5-ADC2469CABC4}.Debug|Any CPU.ActiveCfg = Debug|Any CPU
		{5CEC8E2A-A45C-492F-97A5-ADC2469CABC4}.Debug|Any CPU.Build.0 = Debug|Any CPU
		{5CEC8E2A-A45C-492F-97A5-ADC2469CABC4}.Release|Any CPU.ActiveCfg = Release|Any CPU
		{5CEC8E2A-A45C-492F-97A5-ADC2469CABC4}.Release|Any CPU.Build.0 = Release|Any CPU
	EndGlobalSection
	GlobalSection(NestedProjects) = preSolution
		{A9114FAB-1A7A-4C6B-A2E2-7AFF335CCEA3} = {83EBAE0F-B626-46B7-A102-34ED8B77E385}
		{9B2EBED7-F7EF-4D94-8094-A1DF75320378} = {A9114FAB-1A7A-4C6B-A2E2-7AFF335CCEA3}
		{1C24A5A4-2F91-40FB-8083-8E930F84F6DF} = {A9114FAB-1A7A-4C6B-A2E2-7AFF335CCEA3}
		{44C5BA4B-FFD3-47D8-9891-871AB7D0AEBC} = {83EBAE0F-B626-46B7-A102-34ED8B77E385}
		{88ECE7B6-A36F-4E5F-B049-11162CB21E43} = {44C5BA4B-FFD3-47D8-9891-871AB7D0AEBC}
		{375281E9-9C46-45BD-9E89-3FBB4731EDBD} = {44C5BA4B-FFD3-47D8-9891-871AB7D0AEBC}
		{80ECF17F-B3A9-4273-871D-9AE60C7B15EA} = {83EBAE0F-B626-46B7-A102-34ED8B77E385}
		{AA7879D5-39F5-4A2C-933E-1A79D4EC79DF} = {83EBAE0F-B626-46B7-A102-34ED8B77E385}
		{C95488AB-976D-42ED-ADBC-A96225E1366F} = {83EBAE0F-B626-46B7-A102-34ED8B77E385}
		{949A740A-A38D-472E-9110-A32CE686B1DF} = {C95488AB-976D-42ED-ADBC-A96225E1366F}
		{5CEC8E2A-A45C-492F-97A5-ADC2469CABC4} = {C95488AB-976D-42ED-ADBC-A96225E1366F}
	EndGlobalSection
EndGlobal
